// !$*UTF8*$!
{
	archiveVersion = 1;
	classes = {
	};
	objectVersion = 56;
	objects = {

/* Begin PBXBuildFile section */
		BD9718D92BABF4B200E28BBA /* BarChartView.swift in Sources */ = {isa = PBXBuildFile; fileRef = BD9718D82BABF4B200E28BBA /* BarChartView.swift */; };
		BD9718DB2BABF6E400E28BBA /* ChartData.swift in Sources */ = {isa = PBXBuildFile; fileRef = BD9718DA2BABF6E400E28BBA /* ChartData.swift */; };
		BD9718DD2BAC035500E28BBA /* GradientAreaChart.swift in Sources */ = {isa = PBXBuildFile; fileRef = BD9718DC2BAC035500E28BBA /* GradientAreaChart.swift */; };
		BDA635402BA9A0C0001B1BAD /* ChartSwiftUIApp.swift in Sources */ = {isa = PBXBuildFile; fileRef = BDA6353F2BA9A0C0001B1BAD /* ChartSwiftUIApp.swift */; };
		BDA635442BA9A0C1001B1BAD /* Assets.xcassets in Resources */ = {isa = PBXBuildFile; fileRef = BDA635432BA9A0C1001B1BAD /* Assets.xcassets */; };
		BDA635472BA9A0C1001B1BAD /* Preview Assets.xcassets in Resources */ = {isa = PBXBuildFile; fileRef = BDA635462BA9A0C1001B1BAD /* Preview Assets.xcassets */; };
		BDA6354E2BA9A4AE001B1BAD /* PieChartView.swift in Sources */ = {isa = PBXBuildFile; fileRef = BDA6354D2BA9A4AE001B1BAD /* PieChartView.swift */; };
		BDA635502BA9AC66001B1BAD /* LineChartView.swift in Sources */ = {isa = PBXBuildFile; fileRef = BDA6354F2BA9AC66001B1BAD /* LineChartView.swift */; };
/* End PBXBuildFile section */

/* Begin PBXFileReference section */
		BD9718D82BABF4B200E28BBA /* BarChartView.swift */ = {isa = PBXFileReference; lastKnownFileType = sourcecode.swift; path = BarChartView.swift; sourceTree = "<group>"; };
		BD9718DA2BABF6E400E28BBA /* ChartData.swift */ = {isa = PBXFileReference; lastKnownFileType = sourcecode.swift; path = ChartData.swift; sourceTree = "<group>"; };
		BD9718DC2BAC035500E28BBA /* GradientAreaChart.swift */ = {isa = PBXFileReference; lastKnownFileType = sourcecode.swift; path = GradientAreaChart.swift; sourceTree = "<group>"; };
		BDA6353C2BA9A0C0001B1BAD /* ChartSwiftUI.app */ = {isa = PBXFileReference; explicitFileType = wrapper.application; includeInIndex = 0; path = ChartSwiftUI.app; sourceTree = BUILT_PRODUCTS_DIR; };
		BDA6353F2BA9A0C0001B1BAD /* ChartSwiftUIApp.swift */ = {isa = PBXFileReference; lastKnownFileType = sourcecode.swift; path = ChartSwiftUIApp.swift; sourceTree = "<group>"; };
		BDA635432BA9A0C1001B1BAD /* Assets.xcassets */ = {isa = PBXFileReference; lastKnownFileType = folder.assetcatalog; path = Assets.xcassets; sourceTree = "<group>"; };
		BDA635462BA9A0C1001B1BAD /* Preview Assets.xcassets */ = {isa = PBXFileReference; lastKnownFileType = folder.assetcatalog; path = "Preview Assets.xcassets"; sourceTree = "<group>"; };
		BDA6354D2BA9A4AE001B1BAD /* PieChartView.swift */ = {isa = PBXFileReference; lastKnownFileType = sourcecode.swift; path = PieChartView.swift; sourceTree = "<group>"; };
		BDA6354F2BA9AC66001B1BAD /* LineChartView.swift */ = {isa = PBXFileReference; lastKnownFileType = sourcecode.swift; path = LineChartView.swift; sourceTree = "<group>"; };
/* End PBXFileReference section */

/* Begin PBXFrameworksBuildPhase section */
		BDA635392BA9A0C0001B1BAD /* Frameworks */ = {
			isa = PBXFrameworksBuildPhase;
			buildActionMask = 2147483647;
			files = (
			);
			runOnlyForDeploymentPostprocessing = 0;
		};
/* End PBXFrameworksBuildPhase section */

/* Begin PBXGroup section */
		BDA635332BA9A0C0001B1BAD = {
			isa = PBXGroup;
			children = (
				BDA6353E2BA9A0C0001B1BAD /* ChartSwiftUI */,
				BDA6353D2BA9A0C0001B1BAD /* Products */,
			);
			sourceTree = "<group>";
		};
		BDA6353D2BA9A0C0001B1BAD /* Products */ = {
			isa = PBXGroup;
			children = (
				BDA6353C2BA9A0C0001B1BAD /* ChartSwiftUI.app */,
			);
			name = Products;
			sourceTree = "<group>";
		};
		BDA6353E2BA9A0C0001B1BAD /* ChartSwiftUI */ = {
			isa = PBXGroup;
			children = (
				BDA6353F2BA9A0C0001B1BAD /* ChartSwiftUIApp.swift */,
				BDA6354F2BA9AC66001B1BAD /* LineChartView.swift */,
				BDA6354D2BA9A4AE001B1BAD /* PieChartView.swift */,
				BD9718D82BABF4B200E28BBA /* BarChartView.swift */,
				BD9718DA2BABF6E400E28BBA /* ChartData.swift */,
				BD9718DC2BAC035500E28BBA /* GradientAreaChart.swift */,
				BDA635432BA9A0C1001B1BAD /* Assets.xcassets */,
				BDA635452BA9A0C1001B1BAD /* Preview Content */,
			);
			path = ChartSwiftUI;
			sourceTree = "<group>";
		};
		BDA635452BA9A0C1001B1BAD /* Preview Content */ = {
			isa = PBXGroup;
			children = (
				BDA635462BA9A0C1001B1BAD /* Preview Assets.xcassets */,
			);
			path = "Preview Content";
			sourceTree = "<group>";
		};
/* End PBXGroup section */

/* Begin PBXNativeTarget section */
		BDA6353B2BA9A0C0001B1BAD /* ChartSwiftUI */ = {
			isa = PBXNativeTarget;
			buildConfigurationList = BDA6354A2BA9A0C1001B1BAD /* Build configuration list for PBXNativeTarget "ChartSwiftUI" */;
			buildPhases = (
				BDA635382BA9A0C0001B1BAD /* Sources */,
				BDA635392BA9A0C0001B1BAD /* Frameworks */,
				BDA6353A2BA9A0C0001B1BAD /* Resources */,
			);
			buildRules = (
			);
			dependencies = (
			);
			name = ChartSwiftUI;
			productName = ChartSwiftUI;
			productReference = BDA6353C2BA9A0C0001B1BAD /* ChartSwiftUI.app */;
			productType = "com.apple.product-type.application";
		};
/* End PBXNativeTarget section */

/* Begin PBXProject section */
		BDA635342BA9A0C0001B1BAD /* Project object */ = {
			isa = PBXProject;
			attributes = {
				BuildIndependentTargetsInParallel = 1;
				LastSwiftUpdateCheck = 1420;
				LastUpgradeCheck = 1420;
				TargetAttributes = {
					BDA6353B2BA9A0C0001B1BAD = {
						CreatedOnToolsVersion = 14.2;
					};
				};
			};
			buildConfigurationList = BDA635372BA9A0C0001B1BAD /* Build configuration list for PBXProject "ChartSwiftUI" */;
			compatibilityVersion = "Xcode 14.0";
			developmentRegion = en;
			hasScannedForEncodings = 0;
			knownRegions = (
				en,
				Base,
			);
			mainGroup = BDA635332BA9A0C0001B1BAD;
			productRefGroup = BDA6353D2BA9A0C0001B1BAD /* Products */;
			projectDirPath = "";
			projectRoot = "";
			targets = (
				BDA6353B2BA9A0C0001B1BAD /* ChartSwiftUI */,
			);
		};
/* End PBXProject section */

/* Begin PBXResourcesBuildPhase section */
		BDA6353A2BA9A0C0001B1BAD /* Resources */ = {
			isa = PBXResourcesBuildPhase;
			buildActionMask = 2147483647;
			files = (
				BDA635472BA9A0C1001B1BAD /* Preview Assets.xcassets in Resources */,
				BDA635442BA9A0C1001B1BAD /* Assets.xcassets in Resources */,
			);
			runOnlyForDeploymentPostprocessing = 0;
		};
/* End PBXResourcesBuildPhase section */

/* Begin PBXSourcesBuildPhase section */
		BDA635382BA9A0C0001B1BAD /* Sources */ = {
			isa = PBXSourcesBuildPhase;
			buildActionMask = 2147483647;
			files = (
				BDA6354E2BA9A4AE001B1BAD /* PieChartView.swift in Sources */,
				BD9718DD2BAC035500E28BBA /* GradientAreaChart.swift in Sources */,
				BD9718DB2BABF6E400E28BBA /* ChartData.swift in Sources */,
				BD9718D92BABF4B200E28BBA /* BarChartView.swift in Sources */,
				BDA635402BA9A0C0001B1BAD /* ChartSwiftUIApp.swift in Sources */,
				BDA635502BA9AC66001B1BAD /* LineChartView.swift in Sources */,
			);
			runOnlyForDeploymentPostprocessing = 0;
		};
/* End PBXSourcesBuildPhase section */

/* Begin XCBuildConfiguration section */
		BDA635482BA9A0C1001B1BAD /* Debug */ = {
			isa = XCBuildConfiguration;
			buildSettings = {
				ALWAYS_SEARCH_USER_PATHS = NO;
				CLANG_ANALYZER_NONNULL = YES;
				CLANG_ANALYZER_NUMBER_OBJECT_CONVERSION = YES_AGGRESSIVE;
				CLANG_CXX_LANGUAGE_STANDARD = "gnu++20";
				CLANG_ENABLE_MODULES = YES;
				CLANG_ENABLE_OBJC_ARC = YES;
				CLANG_ENABLE_OBJC_WEAK = YES;
				CLANG_WARN_BLOCK_CAPTURE_AUTORELEASING = YES;
				CLANG_WARN_BOOL_CONVERSION = YES;
				CLANG_WARN_COMMA = YES;
				CLANG_WARN_CONSTANT_CONVERSION = YES;
				CLANG_WARN_DEPRECATED_OBJC_IMPLEMENTATIONS = YES;
				CLANG_WARN_DIRECT_OBJC_ISA_USAGE = YES_ERROR;
				CLANG_WARN_DOCUMENTATION_COMMENTS = YES;
				CLANG_WARN_EMPTY_BODY = YES;
				CLANG_WARN_ENUM_CONVERSION = YES;
				CLANG_WARN_INFINITE_RECURSION = YES;
				CLANG_WARN_INT_CONVERSION = YES;
				CLANG_WARN_NON_LITERAL_NULL_CONVERSION = YES;
				CLANG_WARN_OBJC_IMPLICIT_RETAIN_SELF = YES;
				CLANG_WARN_OBJC_LITERAL_CONVERSION = YES;
				CLANG_WARN_OBJC_ROOT_CLASS = YES_ERROR;
				CLANG_WARN_QUOTED_INCLUDE_IN_FRAMEWORK_HEADER = YES;
				CLANG_WARN_RANGE_LOOP_ANALYSIS = YES;
				CLANG_WARN_STRICT_PROTOTYPES = YES;
				CLANG_WARN_SUSPICIOUS_MOVE = YES;
				CLANG_WARN_UNGUARDED_AVAILABILITY = YES_AGGRESSIVE;
				CLANG_WARN_UNREACHABLE_CODE = YES;
				CLANG_WARN__DUPLICATE_METHOD_MATCH = YES;
				COPY_PHASE_STRIP = NO;
				DEBUG_INFORMATION_FORMAT = dwarf;
				ENABLE_STRICT_OBJC_MSGSEND = YES;
				ENABLE_TESTABILITY = YES;
				GCC_C_LANGUAGE_STANDARD = gnu11;
				GCC_DYNAMIC_NO_PIC = NO;
				GCC_NO_COMMON_BLOCKS = YES;
				GCC_OPTIMIZATION_LEVEL = 0;
				GCC_PREPROCESSOR_DEFINITIONS = (
					"DEBUG=1",
					"$(inherited)",
				);
				GCC_WARN_64_TO_32_BIT_CONVERSION = YES;
				GCC_WARN_ABOUT_RETURN_TYPE = YES_ERROR;
				GCC_WARN_UNDECLARED_SELECTOR = YES;
				GCC_WARN_UNINITIALIZED_AUTOS = YES_AGGRESSIVE;
				GCC_WARN_UNUSED_FUNCTION = YES;
				GCC_WARN_UNUSED_VARIABLE = YES;
				IPHONEOS_DEPLOYMENT_TARGET = 16.2;
				MTL_ENABLE_DEBUG_INFO = INCLUDE_SOURCE;
				MTL_FAST_MATH = YES;
				ONLY_ACTIVE_ARCH = YES;
				SDKROOT = iphoneos;
				SWIFT_ACTIVE_COMPILATION_CONDITIONS = DEBUG;
				SWIFT_OPTIMIZATION_LEVEL = "-Onone";
			};
			name = Debug;
		};
		BDA635492BA9A0C1001B1BAD /* Release */ = {
			isa = XCBuildConfiguration;
			buildSettings = {
				ALWAYS_SEARCH_USER_PATHS = NO;
				CLANG_ANALYZER_NONNULL = YES;
				CLANG_ANALYZER_NUMBER_OBJECT_CONVERSION = YES_AGGRESSIVE;
				CLANG_CXX_LANGUAGE_STANDARD = "gnu++20";
				CLANG_ENABLE_MODULES = YES;
				CLANG_ENABLE_OBJC_ARC = YES;
				CLANG_ENABLE_OBJC_WEAK = YES;
				CLANG_WARN_BLOCK_CAPTURE_AUTORELEASING = YES;
				CLANG_WARN_BOOL_CONVERSION = YES;
				CLANG_WARN_COMMA = YES;
				CLANG_WARN_CONSTANT_CONVERSION = YES;
				CLANG_WARN_DEPRECATED_OBJC_IMPLEMENTATIONS = YES;
				CLANG_WARN_DIRECT_OBJC_ISA_USAGE = YES_ERROR;
				CLANG_WARN_DOCUMENTATION_COMMENTS = YES;
				CLANG_WARN_EMPTY_BODY = YES;
				CLANG_WARN_ENUM_CONVERSION = YES;
				CLANG_WARN_INFINITE_RECURSION = YES;
				CLANG_WARN_INT_CONVERSION = YES;
				CLANG_WARN_NON_LITERAL_NULL_CONVERSION = YES;
				CLANG_WARN_OBJC_IMPLICIT_RETAIN_SELF = YES;
				CLANG_WARN_OBJC_LITERAL_CONVERSION = YES;
				CLANG_WARN_OBJC_ROOT_CLASS = YES_ERROR;
				CLANG_WARN_QUOTED_INCLUDE_IN_FRAMEWORK_HEADER = YES;
				CLANG_WARN_RANGE_LOOP_ANALYSIS = YES;
				CLANG_WARN_STRICT_PROTOTYPES = YES;
				CLANG_WARN_SUSPICIOUS_MOVE = YES;
				CLANG_WARN_UNGUARDED_AVAILABILITY = YES_AGGRESSIVE;
				CLANG_WARN_UNREACHABLE_CODE = YES;
				CLANG_WARN__DUPLICATE_METHOD_MATCH = YES;
				COPY_PHASE_STRIP = NO;
				DEBUG_INFORMATION_FORMAT = "dwarf-with-dsym";
				ENABLE_NS_ASSERTIONS = NO;
				ENABLE_STRICT_OBJC_MSGSEND = YES;
				GCC_C_LANGUAGE_STANDARD = gnu11;
				GCC_NO_COMMON_BLOCKS = YES;
				GCC_WARN_64_TO_32_BIT_CONVERSION = YES;
				GCC_WARN_ABOUT_RETURN_TYPE = YES_ERROR;
				GCC_WARN_UNDECLARED_SELECTOR = YES;
				GCC_WARN_UNINITIALIZED_AUTOS = YES_AGGRESSIVE;
				GCC_WARN_UNUSED_FUNCTION = YES;
				GCC_WARN_UNUSED_VARIABLE = YES;
				IPHONEOS_DEPLOYMENT_TARGET = 16.2;
				MTL_ENABLE_DEBUG_INFO = NO;
				MTL_FAST_MATH = YES;
				SDKROOT = iphoneos;
				SWIFT_COMPILATION_MODE = wholemodule;
				SWIFT_OPTIMIZATION_LEVEL = "-O";
				VALIDATE_PRODUCT = YES;
			};
			name = Release;
		};
		BDA6354B2BA9A0C1001B1BAD /* Debug */ = {
			isa = XCBuildConfiguration;
			buildSettings = {
				ASSETCATALOG_COMPILER_APPICON_NAME = AppIcon;
				ASSETCATALOG_COMPILER_GLOBAL_ACCENT_COLOR_NAME = AccentColor;
				CODE_SIGN_STYLE = Automatic;
				CURRENT_PROJECT_VERSION = 1;
				DEVELOPMENT_ASSET_PATHS = "\"ChartSwiftUI/Preview Content\"";
				ENABLE_PREVIEWS = YES;
				GENERATE_INFOPLIST_FILE = YES;
				INFOPLIST_KEY_UIApplicationSceneManifest_Generation = YES;
				INFOPLIST_KEY_UIApplicationSupportsIndirectInputEvents = YES;
				INFOPLIST_KEY_UILaunchScreen_Generation = YES;
				INFOPLIST_KEY_UISupportedInterfaceOrientations_iPad = "UIInterfaceOrientationPortrait UIInterfaceOrientationPortraitUpsideDown UIInterfaceOrientationLandscapeLeft UIInterfaceOrientationLandscapeRight";
				INFOPLIST_KEY_UISupportedInterfaceOrientations_iPhone = "UIInterfaceOrientationPortrait UIInterfaceOrientationLandscapeLeft UIInterfaceOrientationLandscapeRight";
				LD_RUNPATH_SEARCH_PATHS = (
					"$(inherited)",
					"@executable_path/Frameworks",
				);
				MARKETING_VERSION = 1.0;
				PRODUCT_BUNDLE_IDENTIFIER = com.ChartSwiftUI;
				PRODUCT_NAME = "$(TARGET_NAME)";
				SWIFT_EMIT_LOC_STRINGS = YES;
				SWIFT_VERSION = 5.0;
				TARGETED_DEVICE_FAMILY = "1,2";
			};
			name = Debug;
		};
		BDA6354C2BA9A0C1001B1BAD /* Release */ = {
			isa = XCBuildConfiguration;
			buildSettings = {
				ASSETCATALOG_COMPILER_APPICON_NAME = AppIcon;
				ASSETCATALOG_COMPILER_GLOBAL_ACCENT_COLOR_NAME = AccentColor;
				CODE_SIGN_STYLE = Automatic;
				CURRENT_PROJECT_VERSION = 1;
				DEVELOPMENT_ASSET_PATHS = "\"ChartSwiftUI/Preview Content\"";
				ENABLE_PREVIEWS = YES;
				GENERATE_INFOPLIST_FILE = YES;
				INFOPLIST_KEY_UIApplicationSceneManifest_Generation = YES;
				INFOPLIST_KEY_UIApplicationSupportsIndirectInputEvents = YES;
				INFOPLIST_KEY_UILaunchScreen_Generation = YES;
				INFOPLIST_KEY_UISupportedInterfaceOrientations_iPad = "UIInterfaceOrientationPortrait UIInterfaceOrientationPortraitUpsideDown UIInterfaceOrientationLandscapeLeft UIInterfaceOrientationLandscapeRight";
				INFOPLIST_KEY_UISupportedInterfaceOrientations_iPhone = "UIInterfaceOrientationPortrait UIInterfaceOrientationLandscapeLeft UIInterfaceOrientationLandscapeRight";
				LD_RUNPATH_SEARCH_PATHS = (
					"$(inherited)",
					"@executable_path/Frameworks",
				);
				MARKETING_VERSION = 1.0;
				PRODUCT_BUNDLE_IDENTIFIER = com.ChartSwiftUI;
				PRODUCT_NAME = "$(TARGET_NAME)";
				SWIFT_EMIT_LOC_STRINGS = YES;
				SWIFT_VERSION = 5.0;
				TARGETED_DEVICE_FAMILY = "1,2";
			};
			name = Release;
		};
/* End XCBuildConfiguration section */

/* Begin XCConfigurationList section */
		BDA635372BA9A0C0001B1BAD /* Build configuration list for PBXProject "ChartSwiftUI" */ = {
			isa = XCConfigurationList;
			buildConfigurations = (
				BDA635482BA9A0C1001B1BAD /* Debug */,
				BDA635492BA9A0C1001B1BAD /* Release */,
			);
			defaultConfigurationIsVisible = 0;
			defaultConfigurationName = Release;
		};
		BDA6354A2BA9A0C1001B1BAD /* Build configuration list for PBXNativeTarget "ChartSwiftUI" */ = {
			isa = XCConfigurationList;
			buildConfigurations = (
				BDA6354B2BA9A0C1001B1BAD /* Debug */,
				BDA6354C2BA9A0C1001B1BAD /* Release */,
			);
			defaultConfigurationIsVisible = 0;
			defaultConfigurationName = Release;
		};
/* End XCConfigurationList section */
	};
	rootObject = BDA635342BA9A0C0001B1BAD /* Project object */;
}
